// !$*UTF8*$!
{
	archiveVersion = 1;
	classes = {
	};
	objectVersion = 48;
	objects = {

/* Begin PBXBuildFile section */
		2F21BE0C1FB2AA2D0014391D /* AppDelegate.swift in Sources */ = {isa = PBXBuildFile; fileRef = 2F21BE0B1FB2AA2D0014391D /* AppDelegate.swift */; };
		2F21BE0E1FB2AA2D0014391D /* MapViewController.swift in Sources */ = {isa = PBXBuildFile; fileRef = 2F21BE0D1FB2AA2D0014391D /* MapViewController.swift */; };
		2F21BE111FB2AA2D0014391D /* Main.storyboard in Resources */ = {isa = PBXBuildFile; fileRef = 2F21BE0F1FB2AA2D0014391D /* Main.storyboard */; };
		2F21BE131FB2AA2D0014391D /* Assets.xcassets in Resources */ = {isa = PBXBuildFile; fileRef = 2F21BE121FB2AA2D0014391D /* Assets.xcassets */; };
		2F21BE161FB2AA2D0014391D /* LaunchScreen.storyboard in Resources */ = {isa = PBXBuildFile; fileRef = 2F21BE141FB2AA2D0014391D /* LaunchScreen.storyboard */; };
		2FAEBB211FB353B90085AF3D /* HotelTableViewController.swift in Sources */ = {isa = PBXBuildFile; fileRef = 2FAEBB201FB353B90085AF3D /* HotelTableViewController.swift */; };
		2FAEBB231FB3F0200085AF3D /* WebViewController.swift in Sources */ = {isa = PBXBuildFile; fileRef = 2FAEBB221FB3F0200085AF3D /* WebViewController.swift */; };
		2FAEBB261FB3F3540085AF3D /* MapKit.framework in Frameworks */ = {isa = PBXBuildFile; fileRef = 2FAEBB251FB3F3540085AF3D /* MapKit.framework */; };
		2FAEBB2A1FB400050085AF3D /* Hotel.swift in Sources */ = {isa = PBXBuildFile; fileRef = 2FAEBB291FB400050085AF3D /* Hotel.swift */; };
		2FAEBB2D1FB4024C0085AF3D /* Constants.swift in Sources */ = {isa = PBXBuildFile; fileRef = 2FAEBB2C1FB4024C0085AF3D /* Constants.swift */; };
/* End PBXBuildFile section */

/* Begin PBXFileReference section */
		2F21BE081FB2AA2D0014391D /* Castle guide.app */ = {isa = PBXFileReference; explicitFileType = wrapper.application; includeInIndex = 0; path = "Castle guide.app"; sourceTree = BUILT_PRODUCTS_DIR; };
		2F21BE0B1FB2AA2D0014391D /* AppDelegate.swift */ = {isa = PBXFileReference; lastKnownFileType = sourcecode.swift; path = AppDelegate.swift; sourceTree = "<group>"; };
		2F21BE0D1FB2AA2D0014391D /* MapViewController.swift */ = {isa = PBXFileReference; lastKnownFileType = sourcecode.swift; path = MapViewController.swift; sourceTree = "<group>"; };
		2F21BE101FB2AA2D0014391D /* Base */ = {isa = PBXFileReference; lastKnownFileType = file.storyboard; name = Base; path = Base.lproj/Main.storyboard; sourceTree = "<group>"; };
		2F21BE121FB2AA2D0014391D /* Assets.xcassets */ = {isa = PBXFileReference; lastKnownFileType = folder.assetcatalog; path = Assets.xcassets; sourceTree = "<group>"; };
		2F21BE151FB2AA2D0014391D /* Base */ = {isa = PBXFileReference; lastKnownFileType = file.storyboard; name = Base; path = Base.lproj/LaunchScreen.storyboard; sourceTree = "<group>"; };
		2F21BE171FB2AA2D0014391D /* Info.plist */ = {isa = PBXFileReference; lastKnownFileType = text.plist.xml; path = Info.plist; sourceTree = "<group>"; };
		2FAEBB201FB353B90085AF3D /* HotelTableViewController.swift */ = {isa = PBXFileReference; lastKnownFileType = sourcecode.swift; path = HotelTableViewController.swift; sourceTree = "<group>"; };
		2FAEBB221FB3F0200085AF3D /* WebViewController.swift */ = {isa = PBXFileReference; lastKnownFileType = sourcecode.swift; path = WebViewController.swift; sourceTree = "<group>"; };
		2FAEBB251FB3F3540085AF3D /* MapKit.framework */ = {isa = PBXFileReference; lastKnownFileType = wrapper.framework; name = MapKit.framework; path = System/Library/Frameworks/MapKit.framework; sourceTree = SDKROOT; };
		2FAEBB291FB400050085AF3D /* Hotel.swift */ = {isa = PBXFileReference; lastKnownFileType = sourcecode.swift; path = Hotel.swift; sourceTree = "<group>"; };
		2FAEBB2C1FB4024C0085AF3D /* Constants.swift */ = {isa = PBXFileReference; lastKnownFileType = sourcecode.swift; path = Constants.swift; sourceTree = "<group>"; };
/* End PBXFileReference section */

/* Begin PBXFrameworksBuildPhase section */
		2F21BE051FB2AA2D0014391D /* Frameworks */ = {
			isa = PBXFrameworksBuildPhase;
			buildActionMask = 2147483647;
			files = (
				2FAEBB261FB3F3540085AF3D /* MapKit.framework in Frameworks */,
			);
			runOnlyForDeploymentPostprocessing = 0;
		};
/* End PBXFrameworksBuildPhase section */

/* Begin PBXGroup section */
		2F21BDFF1FB2AA2D0014391D = {
			isa = PBXGroup;
			children = (
				2F21BE0A1FB2AA2D0014391D /* Castle guide */,
				2F21BE091FB2AA2D0014391D /* Products */,
				2FAEBB241FB3F3540085AF3D /* Frameworks */,
			);
			sourceTree = "<group>";
		};
		2F21BE091FB2AA2D0014391D /* Products */ = {
			isa = PBXGroup;
			children = (
				2F21BE081FB2AA2D0014391D /* Castle guide.app */,
			);
			name = Products;
			sourceTree = "<group>";
		};
		2F21BE0A1FB2AA2D0014391D /* Castle guide */ = {
			isa = PBXGroup;
			children = (
				2FAEBB2B1FB402210085AF3D /* Util */,
				2FAEBB281FB3FFEA0085AF3D /* Model */,
				2FAEBB271FB3F4040085AF3D /* Controller */,
				2F21BE0B1FB2AA2D0014391D /* AppDelegate.swift */,
				2F21BE0F1FB2AA2D0014391D /* Main.storyboard */,
				2F21BE121FB2AA2D0014391D /* Assets.xcassets */,
				2F21BE141FB2AA2D0014391D /* LaunchScreen.storyboard */,
				2F21BE171FB2AA2D0014391D /* Info.plist */,
			);
			path = "Castle guide";
			sourceTree = "<group>";
		};
		2FAEBB241FB3F3540085AF3D /* Frameworks */ = {
			isa = PBXGroup;
			children = (
				2FAEBB251FB3F3540085AF3D /* MapKit.framework */,
			);
			name = Frameworks;
			sourceTree = "<group>";
		};
		2FAEBB271FB3F4040085AF3D /* Controller */ = {
			isa = PBXGroup;
			children = (
				2F21BE0D1FB2AA2D0014391D /* MapViewController.swift */,
				2FAEBB201FB353B90085AF3D /* HotelTableViewController.swift */,
				2FAEBB221FB3F0200085AF3D /* WebViewController.swift */,
			);
			path = Controller;
			sourceTree = "<group>";
		};
		2FAEBB281FB3FFEA0085AF3D /* Model */ = {
			isa = PBXGroup;
			children = (
				2FAEBB291FB400050085AF3D /* Hotel.swift */,
			);
			path = Model;
			sourceTree = "<group>";
		};
		2FAEBB2B1FB402210085AF3D /* Util */ = {
			isa = PBXGroup;
			children = (
				2FAEBB2C1FB4024C0085AF3D /* Constants.swift */,
			);
			path = Util;
			sourceTree = "<group>";
		};
/* End PBXGroup section */

/* Begin PBXNativeTarget section */
		2F21BE071FB2AA2D0014391D /* Castle guide */ = {
			isa = PBXNativeTarget;
			buildConfigurationList = 2F21BE1A1FB2AA2D0014391D /* Build configuration list for PBXNativeTarget "Castle guide" */;
			buildPhases = (
				2F21BE041FB2AA2D0014391D /* Sources */,
				2F21BE051FB2AA2D0014391D /* Frameworks */,
				2F21BE061FB2AA2D0014391D /* Resources */,
			);
			buildRules = (
			);
			dependencies = (
			);
			name = "Castle guide";
			productName = "Castle guide";
			productReference = 2F21BE081FB2AA2D0014391D /* Castle guide.app */;
			productType = "com.apple.product-type.application";
		};
/* End PBXNativeTarget section */

/* Begin PBXProject section */
		2F21BE001FB2AA2D0014391D /* Project object */ = {
			isa = PBXProject;
			attributes = {
				LastSwiftUpdateCheck = 0910;
				LastUpgradeCheck = 0910;
				ORGANIZATIONNAME = "Yi-Yun Chen";
				TargetAttributes = {
					2F21BE071FB2AA2D0014391D = {
						CreatedOnToolsVersion = 9.1;
						ProvisioningStyle = Automatic;
						SystemCapabilities = {
							com.apple.Maps.iOS = {
								enabled = 1;
							};
						};
					};
				};
			};
			buildConfigurationList = 2F21BE031FB2AA2D0014391D /* Build configuration list for PBXProject "Castle guide" */;
			compatibilityVersion = "Xcode 8.0";
			developmentRegion = en;
			hasScannedForEncodings = 0;
			knownRegions = (
				en,
				Base,
			);
			mainGroup = 2F21BDFF1FB2AA2D0014391D;
			productRefGroup = 2F21BE091FB2AA2D0014391D /* Products */;
			projectDirPath = "";
			projectRoot = "";
			targets = (
				2F21BE071FB2AA2D0014391D /* Castle guide */,
			);
		};
/* End PBXProject section */

/* Begin PBXResourcesBuildPhase section */
		2F21BE061FB2AA2D0014391D /* Resources */ = {
			isa = PBXResourcesBuildPhase;
			buildActionMask = 2147483647;
			files = (
				2F21BE161FB2AA2D0014391D /* LaunchScreen.storyboard in Resources */,
				2F21BE131FB2AA2D0014391D /* Assets.xcassets in Resources */,
				2F21BE111FB2AA2D0014391D /* Main.storyboard in Resources */,
			);
			runOnlyForDeploymentPostprocessing = 0;
		};
/* End PBXResourcesBuildPhase section */

/* Begin PBXSourcesBuildPhase section */
		2F21BE041FB2AA2D0014391D /* Sources */ = {
			isa = PBXSourcesBuildPhase;
			buildActionMask = 2147483647;
			files = (
				2FAEBB2A1FB400050085AF3D /* Hotel.swift in Sources */,
				2F21BE0E1FB2AA2D0014391D /* MapViewController.swift in Sources */,
				2FAEBB211FB353B90085AF3D /* HotelTableViewController.swift in Sources */,
				2F21BE0C1FB2AA2D0014391D /* AppDelegate.swift in Sources */,
				2FAEBB231FB3F0200085AF3D /* WebViewController.swift in Sources */,
				2FAEBB2D1FB4024C0085AF3D /* Constants.swift in Sources */,
			);
			runOnlyForDeploymentPostprocessing = 0;
		};
/* End PBXSourcesBuildPhase section */

/* Begin PBXVariantGroup section */
		2F21BE0F1FB2AA2D0014391D /* Main.storyboard */ = {
			isa = PBXVariantGroup;
			children = (
				2F21BE101FB2AA2D0014391D /* Base */,
			);
			name = Main.storyboard;
			sourceTree = "<group>";
		};
		2F21BE141FB2AA2D0014391D /* LaunchScreen.storyboard */ = {
			isa = PBXVariantGroup;
			children = (
				2F21BE151FB2AA2D0014391D /* Base */,
			);
			name = LaunchScreen.storyboard;
			sourceTree = "<group>";
		};
/* End PBXVariantGroup section */

/* Begin XCBuildConfiguration section */
		2F21BE181FB2AA2D0014391D /* Debug */ = {
			isa = XCBuildConfiguration;
			buildSettings = {
				ALWAYS_SEARCH_USER_PATHS = NO;
				CLANG_ANALYZER_NONNULL = YES;
				CLANG_ANALYZER_NUMBER_OBJECT_CONVERSION = YES_AGGRESSIVE;
				CLANG_CXX_LANGUAGE_STANDARD = "gnu++14";
				CLANG_CXX_LIBRARY = "libc++";
				CLANG_ENABLE_MODULES = YES;
				CLANG_ENABLE_OBJC_ARC = YES;
				CLANG_WARN_BLOCK_CAPTURE_AUTORELEASING = YES;
				CLANG_WARN_BOOL_CONVERSION = YES;
				CLANG_WARN_COMMA = YES;
				CLANG_WARN_CONSTANT_CONVERSION = YES;
				CLANG_WARN_DIRECT_OBJC_ISA_USAGE = YES_ERROR;
				CLANG_WARN_DOCUMENTATION_COMMENTS = YES;
				CLANG_WARN_EMPTY_BODY = YES;
				CLANG_WARN_ENUM_CONVERSION = YES;
				CLANG_WARN_INFINITE_RECURSION = YES;
				CLANG_WARN_INT_CONVERSION = YES;
				CLANG_WARN_NON_LITERAL_NULL_CONVERSION = YES;
				CLANG_WARN_OBJC_LITERAL_CONVERSION = YES;
				CLANG_WARN_OBJC_ROOT_CLASS = YES_ERROR;
				CLANG_WARN_RANGE_LOOP_ANALYSIS = YES;
				CLANG_WARN_STRICT_PROTOTYPES = YES;
				CLANG_WARN_SUSPICIOUS_MOVE = YES;
				CLANG_WARN_UNGUARDED_AVAILABILITY = YES_AGGRESSIVE;
				CLANG_WARN_UNREACHABLE_CODE = YES;
				CLANG_WARN__DUPLICATE_METHOD_MATCH = YES;
				CODE_SIGN_IDENTITY = "iPhone Developer";
				COPY_PHASE_STRIP = NO;
				DEBUG_INFORMATION_FORMAT = dwarf;
				ENABLE_STRICT_OBJC_MSGSEND = YES;
				ENABLE_TESTABILITY = YES;
				GCC_C_LANGUAGE_STANDARD = gnu11;
				GCC_DYNAMIC_NO_PIC = NO;
				GCC_NO_COMMON_BLOCKS = YES;
				GCC_OPTIMIZATION_LEVEL = 0;
				GCC_PREPROCESSOR_DEFINITIONS = (
					"DEBUG=1",
					"$(inherited)",
				);
				GCC_WARN_64_TO_32_BIT_CONVERSION = YES;
				GCC_WARN_ABOUT_RETURN_TYPE = YES_ERROR;
				GCC_WARN_UNDECLARED_SELECTOR = YES;
				GCC_WARN_UNINITIALIZED_AUTOS = YES_AGGRESSIVE;
				GCC_WARN_UNUSED_FUNCTION = YES;
				GCC_WARN_UNUSED_VARIABLE = YES;
				IPHONEOS_DEPLOYMENT_TARGET = 11.1;
				MTL_ENABLE_DEBUG_INFO = YES;
				ONLY_ACTIVE_ARCH = YES;
				SDKROOT = iphoneos;
				SWIFT_ACTIVE_COMPILATION_CONDITIONS = DEBUG;
				SWIFT_OPTIMIZATION_LEVEL = "-Onone";
			};
			name = Debug;
		};
		2F21BE191FB2AA2D0014391D /* Release */ = {
			isa = XCBuildConfiguration;
			buildSettings = {
				ALWAYS_SEARCH_USER_PATHS = NO;
				CLANG_ANALYZER_NONNULL = YES;
				CLANG_ANALYZER_NUMBER_OBJECT_CONVERSION = YES_AGGRESSIVE;
				CLANG_CXX_LANGUAGE_STANDARD = "gnu++14";
				CLANG_CXX_LIBRARY = "libc++";
				CLANG_ENABLE_MODULES = YES;
				CLANG_ENABLE_OBJC_ARC = YES;
				CLANG_WARN_BLOCK_CAPTURE_AUTORELEASING = YES;
				CLANG_WARN_BOOL_CONVERSION = YES;
				CLANG_WARN_COMMA = YES;
				CLANG_WARN_CONSTANT_CONVERSION = YES;
				CLANG_WARN_DIRECT_OBJC_ISA_USAGE = YES_ERROR;
				CLANG_WARN_DOCUMENTATION_COMMENTS = YES;
				CLANG_WARN_EMPTY_BODY = YES;
				CLANG_WARN_ENUM_CONVERSION = YES;
				CLANG_WARN_INFINITE_RECURSION = YES;
				CLANG_WARN_INT_CONVERSION = YES;
				CLANG_WARN_NON_LITERAL_NULL_CONVERSION = YES;
				CLANG_WARN_OBJC_LITERAL_CONVERSION = YES;
				CLANG_WARN_OBJC_ROOT_CLASS = YES_ERROR;
				CLANG_WARN_RANGE_LOOP_ANALYSIS = YES;
				CLANG_WARN_STRICT_PROTOTYPES = YES;
				CLANG_WARN_SUSPICIOUS_MOVE = YES;
				CLANG_WARN_UNGUARDED_AVAILABILITY = YES_AGGRESSIVE;
				CLANG_WARN_UNREACHABLE_CODE = YES;
				CLANG_WARN__DUPLICATE_METHOD_MATCH = YES;
				CODE_SIGN_IDENTITY = "iPhone Developer";
				COPY_PHASE_STRIP = NO;
				DEBUG_INFORMATION_FORMAT = "dwarf-with-dsym";
				ENABLE_NS_ASSERTIONS = NO;
				ENABLE_STRICT_OBJC_MSGSEND = YES;
				GCC_C_LANGUAGE_STANDARD = gnu11;
				GCC_NO_COMMON_BLOCKS = YES;
				GCC_WARN_64_TO_32_BIT_CONVERSION = YES;
				GCC_WARN_ABOUT_RETURN_TYPE = YES_ERROR;
				GCC_WARN_UNDECLARED_SELECTOR = YES;
				GCC_WARN_UNINITIALIZED_AUTOS = YES_AGGRESSIVE;
				GCC_WARN_UNUSED_FUNCTION = YES;
				GCC_WARN_UNUSED_VARIABLE = YES;
				IPHONEOS_DEPLOYMENT_TARGET = 11.1;
				MTL_ENABLE_DEBUG_INFO = NO;
				SDKROOT = iphoneos;
				SWIFT_OPTIMIZATION_LEVEL = "-Owholemodule";
				VALIDATE_PRODUCT = YES;
			};
			name = Release;
		};
		2F21BE1B1FB2AA2D0014391D /* Debug */ = {
			isa = XCBuildConfiguration;
			buildSettings = {
				ASSETCATALOG_COMPILER_APPICON_NAME = AppIcon;
				CODE_SIGN_STYLE = Automatic;
				DEVELOPMENT_TEAM = 35YQ8TWVH3;
				INFOPLIST_FILE = "Castle guide/Info.plist";
				IPHONEOS_DEPLOYMENT_TARGET = 11.0;
				LD_RUNPATH_SEARCH_PATHS = "$(inherited) @executable_path/Frameworks";
				PRODUCT_BUNDLE_IDENTIFIER = "com.doupi0331.app.Castle-guide";
				PRODUCT_NAME = "$(TARGET_NAME)";
				SWIFT_VERSION = 4.0;
				TARGETED_DEVICE_FAMILY = 1;
			};
			name = Debug;
		};
		2F21BE1C1FB2AA2D0014391D /* Release */ = {
			isa = XCBuildConfiguration;
			buildSettings = {
				ASSETCATALOG_COMPILER_APPICON_NAME = AppIcon;
				CODE_SIGN_STYLE = Automatic;
				DEVELOPMENT_TEAM = 35YQ8TWVH3;
				INFOPLIST_FILE = "Castle guide/Info.plist";
				IPHONEOS_DEPLOYMENT_TARGET = 11.0;
				LD_RUNPATH_SEARCH_PATHS = "$(inherited) @executable_path/Frameworks";
				PRODUCT_BUNDLE_IDENTIFIER = "com.doupi0331.app.Castle-guide";
				PRODUCT_NAME = "$(TARGET_NAME)";
				SWIFT_VERSION = 4.0;
				TARGETED_DEVICE_FAMILY = 1;
			};
			name = Release;
		};
/* End XCBuildConfiguration section */

/* Begin XCConfigurationList section */
		2F21BE031FB2AA2D0014391D /* Build configuration list for PBXProject "Castle guide" */ = {
			isa = XCConfigurationList;
			buildConfigurations = (
				2F21BE181FB2AA2D0014391D /* Debug */,
				2F21BE191FB2AA2D0014391D /* Release */,
			);
			defaultConfigurationIsVisible = 0;
			defaultConfigurationName = Release;
		};
		2F21BE1A1FB2AA2D0014391D /* Build configuration list for PBXNativeTarget "Castle guide" */ = {
			isa = XCConfigurationList;
			buildConfigurations = (
				2F21BE1B1FB2AA2D0014391D /* Debug */,
				2F21BE1C1FB2AA2D0014391D /* Release */,
			);
			defaultConfigurationIsVisible = 0;
			defaultConfigurationName = Release;
		};
/* End XCConfigurationList section */
	};
	rootObject = 2F21BE001FB2AA2D0014391D /* Project object */;
}
